{
  "version": 4,
  "terraform_version": "1.1.7",
  "serial": 35,
  "lineage": "9d45d5ba-4d1f-9a0d-9edc-8701547dcb05",
  "outputs": {
    "arn": {
      "value": [
        "arn:aws:rds:sa-east-1:266384916543:cluster:perfilcreditopf-dev"
      ],
      "type": [
        "tuple",
        [
          "string"
        ]
      ]
    },
    "cluster_name": {
      "value": [
        "perfilcreditopf-dev"
      ],
      "type": [
        "tuple",
        [
          "string"
        ]
      ]
    },
    "master_password": {
      "value": "76dO!tli",
      "type": "string",
      "sensitive": true
    },
    "master_username": {
      "value": [
        "root"
      ],
      "type": [
        "tuple",
        [
          "string"
        ]
      ],
      "sensitive": true
    },
    "reader_endpoint": {
      "value": [
        "perfilcreditopf-dev.cluster-ro-ccy1wdf69ich.sa-east-1.docdb.amazonaws.com"
      ],
      "type": [
        "tuple",
        [
          "string"
        ]
      ]
    },
    "writer_endpoint": {
      "value": [
        "perfilcreditopf-dev.cluster-ccy1wdf69ich.sa-east-1.docdb.amazonaws.com"
      ],
      "type": [
        "tuple",
        [
          "string"
        ]
      ]
    }
  },
  "resources": [
    {
      "mode": "managed",
      "type": "aws_docdb_cluster",
      "name": "this",
      "provider": "provider[\"registry.terraform.io/hashicorp/aws\"]",
      "instances": [
        {
          "schema_version": 0,
          "attributes": {
            "apply_immediately": true,
            "arn": "arn:aws:rds:sa-east-1:266384916543:cluster:perfilcreditopf-dev",
            "availability_zones": [
              "sa-east-1a",
              "sa-east-1b",
              "sa-east-1c"
            ],
            "backup_retention_period": 7,
            "cluster_identifier": "perfilcreditopf-dev",
            "cluster_identifier_prefix": null,
            "cluster_members": [
              "perfilcreditopf-dev-1"
            ],
            "cluster_resource_id": "cluster-J6ITCP7DJ5PH2OJ4TJ4FVKDJBU",
            "db_cluster_parameter_group_name": "parameter-group-perfilcreditopf-dev",
            "db_subnet_group_name": "subnet-group-perfilcreditopf-dev",
            "deletion_protection": false,
            "enabled_cloudwatch_logs_exports": [
              "audit",
              "profiler"
            ],
            "endpoint": "perfilcreditopf-dev.cluster-ccy1wdf69ich.sa-east-1.docdb.amazonaws.com",
            "engine": "docdb",
            "engine_version": "4.0.0",
            "final_snapshot_identifier": null,
            "global_cluster_identifier": "",
            "hosted_zone_id": "Z028198947VFXKKO6G4G",
            "id": "perfilcreditopf-dev",
            "kms_key_id": "arn:aws:kms:sa-east-1:266384916543:key/38dbfd31-a031-496d-9e33-eeb16d05cc25",
            "master_password": "76dO!tli",
            "master_username": "root",
            "port": 27017,
            "preferred_backup_window": "00:00-01:00",
            "preferred_maintenance_window": "tue:05:48-tue:06:18",
            "reader_endpoint": "perfilcreditopf-dev.cluster-ro-ccy1wdf69ich.sa-east-1.docdb.amazonaws.com",
            "skip_final_snapshot": true,
            "snapshot_identifier": "",
            "storage_encrypted": true,
            "tags": {
              "Environment": "dev",
              "Managed": "Terraform"
            },
            "tags_all": {
              "Environment": "dev",
              "Managed": "Terraform"
            },
            "timeouts": null,
            "vpc_security_group_ids": [
              "sg-087d751e817a9e047"
            ]
          },
          "sensitive_attributes": [
            [
              {
                "type": "get_attr",
                "value": "master_password"
              }
            ]
          ],
          "private": "eyJlMmJmYjczMC1lY2FhLTExZTYtOGY4OC0zNDM2M2JjN2M0YzAiOnsiY3JlYXRlIjo3MjAwMDAwMDAwMDAwLCJkZWxldGUiOjcyMDAwMDAwMDAwMDAsInVwZGF0ZSI6NzIwMDAwMDAwMDAwMH19",
          "dependencies": [
            "aws_docdb_cluster_parameter_group.this",
            "aws_docdb_subnet_group.this",
            "aws_security_group.this",
            "random_password.master"
          ]
        }
      ]
    },
    {
      "mode": "managed",
      "type": "aws_docdb_cluster_instance",
      "name": "this",
      "provider": "provider[\"registry.terraform.io/hashicorp/aws\"]",
      "instances": [
        {
          "index_key": 0,
          "schema_version": 0,
          "attributes": {
            "apply_immediately": true,
            "arn": "arn:aws:rds:sa-east-1:266384916543:db:perfilcreditopf-dev-1",
            "auto_minor_version_upgrade": true,
            "availability_zone": "sa-east-1c",
            "ca_cert_identifier": "rds-ca-2019",
            "cluster_identifier": "perfilcreditopf-dev",
            "db_subnet_group_name": "subnet-group-perfilcreditopf-dev",
            "dbi_resource_id": "db-WZI6542E3NLEOYUYYWRJ4UL7F4",
            "endpoint": "perfilcreditopf-dev-1.ccy1wdf69ich.sa-east-1.docdb.amazonaws.com",
            "engine": "docdb",
            "engine_version": "4.0.0",
            "id": "perfilcreditopf-dev-1",
            "identifier": "perfilcreditopf-dev-1",
            "identifier_prefix": null,
            "instance_class": "db.t3.medium",
            "kms_key_id": "arn:aws:kms:sa-east-1:266384916543:key/38dbfd31-a031-496d-9e33-eeb16d05cc25",
            "port": 27017,
            "preferred_backup_window": "00:00-01:00",
            "preferred_maintenance_window": "mon:03:43-mon:04:13",
            "promotion_tier": 0,
            "publicly_accessible": false,
            "storage_encrypted": true,
            "tags": {
              "Environment": "dev",
              "Managed": "Terraform"
            },
            "tags_all": {
              "Environment": "dev",
              "Managed": "Terraform"
            },
            "timeouts": null,
            "writer": true
          },
          "sensitive_attributes": [],
          "private": "eyJlMmJmYjczMC1lY2FhLTExZTYtOGY4OC0zNDM2M2JjN2M0YzAiOnsiY3JlYXRlIjo1NDAwMDAwMDAwMDAwLCJkZWxldGUiOjU0MDAwMDAwMDAwMDAsInVwZGF0ZSI6NTQwMDAwMDAwMDAwMH19",
          "dependencies": [
            "aws_docdb_cluster.this",
            "aws_docdb_cluster_parameter_group.this",
            "aws_docdb_subnet_group.this",
            "aws_security_group.this",
            "random_password.master"
          ]
        }
      ]
    },
    {
      "mode": "managed",
      "type": "aws_docdb_cluster_parameter_group",
      "name": "this",
      "provider": "provider[\"registry.terraform.io/hashicorp/aws\"]",
      "instances": [
        {
          "schema_version": 0,
          "attributes": {
            "arn": "arn:aws:rds:sa-east-1:266384916543:cluster-pg:parameter-group-perfilcreditopf-dev",
            "description": "DB Cluster parameter group",
            "family": "docdb4.0",
            "id": "parameter-group-perfilcreditopf-dev",
            "name": "parameter-group-perfilcreditopf-dev",
            "name_prefix": null,
            "parameter": [
              {
                "apply_method": "pending-reboot",
                "name": "tls",
                "value": "enabled"
              }
            ],
            "tags": {
              "Environment": "dev",
              "Managed": "Terraform"
            },
            "tags_all": {
              "Environment": "dev",
              "Managed": "Terraform"
            }
          },
          "sensitive_attributes": [],
          "private": "bnVsbA=="
        }
      ]
    },
    {
      "mode": "managed",
      "type": "aws_docdb_subnet_group",
      "name": "this",
      "provider": "provider[\"registry.terraform.io/hashicorp/aws\"]",
      "instances": [
        {
          "schema_version": 0,
          "attributes": {
            "arn": "arn:aws:rds:sa-east-1:266384916543:subgrp:subnet-group-perfilcreditopf-dev",
            "description": "Allowed subnets for DB cluster instance",
            "id": "subnet-group-perfilcreditopf-dev",
            "name": "subnet-group-perfilcreditopf-dev",
            "name_prefix": null,
            "subnet_ids": [
              "subnet-042718398def98778",
              "subnet-09cd9c5499215250c",
              "subnet-0b6984bcaaac201c7"
            ],
            "tags": {
              "Environment": "dev",
              "Managed": "Terraform"
            },
            "tags_all": {
              "Environment": "dev",
              "Managed": "Terraform"
            }
          },
          "sensitive_attributes": [],
          "private": "bnVsbA=="
        }
      ]
    },
    {
      "mode": "managed",
      "type": "aws_s3_bucket",
      "name": "log_bucket",
      "provider": "provider[\"registry.terraform.io/hashicorp/aws\"]",
      "instances": [
        {
          "schema_version": 0,
          "attributes": {
            "acceleration_status": "",
            "acl": null,
            "arn": "arn:aws:s3:::log-173697650330-dev",
            "bucket": "log-173697650330-dev",
            "bucket_domain_name": "log-173697650330-dev.s3.amazonaws.com",
            "bucket_prefix": null,
            "bucket_regional_domain_name": "log-173697650330-dev.s3.sa-east-1.amazonaws.com",
            "cors_rule": [],
            "force_destroy": false,
            "grant": [
              {
                "id": "72c0c69f5e3daa10787266b180657873f9d703640be4bf486094bebdc675a7ce",
                "permissions": [
                  "FULL_CONTROL"
                ],
                "type": "CanonicalUser",
                "uri": ""
              }
            ],
            "hosted_zone_id": "Z7KQH4QJS55SO",
            "id": "log-173697650330-dev",
            "lifecycle_rule": [],
            "logging": [],
            "object_lock_configuration": [],
            "object_lock_enabled": false,
            "policy": "",
            "region": "sa-east-1",
            "replication_configuration": [],
            "request_payer": "BucketOwner",
            "server_side_encryption_configuration": [
              {
                "rule": [
                  {
                    "apply_server_side_encryption_by_default": [
                      {
                        "kms_master_key_id": "",
                        "sse_algorithm": "AES256"
                      }
                    ],
                    "bucket_key_enabled": false
                  }
                ]
              }
            ],
            "tags": {
              "BucketType": "Log"
            },
            "tags_all": {
              "BucketType": "Log"
            },
            "versioning": [
              {
                "enabled": false,
                "mfa_delete": false
              }
            ],
            "website": [],
            "website_domain": null,
            "website_endpoint": null
          },
          "sensitive_attributes": [],
          "private": "bnVsbA=="
        }
      ]
    },
    {
      "mode": "managed",
      "type": "aws_s3_bucket",
      "name": "terraform_state",
      "provider": "provider[\"registry.terraform.io/hashicorp/aws\"]",
      "instances": [
        {
          "schema_version": 0,
          "attributes": {
            "acceleration_status": "",
            "acl": null,
            "arn": "arn:aws:s3:::terraform-state-perfilcreditopf-dev",
            "bucket": "terraform-state-perfilcreditopf-dev",
            "bucket_domain_name": "terraform-state-perfilcreditopf-dev.s3.amazonaws.com",
            "bucket_prefix": null,
            "bucket_regional_domain_name": "terraform-state-perfilcreditopf-dev.s3.sa-east-1.amazonaws.com",
            "cors_rule": [],
            "force_destroy": false,
            "grant": [
              {
                "id": "72c0c69f5e3daa10787266b180657873f9d703640be4bf486094bebdc675a7ce",
                "permissions": [
                  "FULL_CONTROL"
                ],
                "type": "CanonicalUser",
                "uri": ""
              }
            ],
            "hosted_zone_id": "Z7KQH4QJS55SO",
            "id": "terraform-state-perfilcreditopf-dev",
            "lifecycle_rule": [],
            "logging": [
              {
                "target_bucket": "log-173697650330-dev",
                "target_prefix": "terraform-state-perfilcreditopf-dev"
              }
            ],
            "object_lock_configuration": [],
            "object_lock_enabled": false,
            "policy": "",
            "region": "sa-east-1",
            "replication_configuration": [],
            "request_payer": "BucketOwner",
            "server_side_encryption_configuration": [
              {
                "rule": [
                  {
                    "apply_server_side_encryption_by_default": [
                      {
                        "kms_master_key_id": "",
                        "sse_algorithm": "AES256"
                      }
                    ],
                    "bucket_key_enabled": false
                  }
                ]
              }
            ],
            "tags": {},
            "tags_all": {},
            "versioning": [
              {
                "enabled": true,
                "mfa_delete": false
              }
            ],
            "website": [],
            "website_domain": null,
            "website_endpoint": null
          },
          "sensitive_attributes": [],
          "private": "bnVsbA=="
        }
      ]
    },
    {
      "mode": "managed",
      "type": "aws_s3_bucket_acl",
      "name": "log_bucket_acl",
      "provider": "provider[\"registry.terraform.io/hashicorp/aws\"]",
      "instances": [
        {
          "schema_version": 0,
          "attributes": {
            "access_control_policy": [
              {
                "grant": [
                  {
                    "grantee": [
                      {
                        "display_name": "eec-aws-br-cs-perfilcreditopf-dev-a213tKCM0",
                        "email_address": "",
                        "id": "72c0c69f5e3daa10787266b180657873f9d703640be4bf486094bebdc675a7ce",
                        "type": "CanonicalUser",
                        "uri": ""
                      }
                    ],
                    "permission": "FULL_CONTROL"
                  }
                ],
                "owner": [
                  {
                    "display_name": "eec-aws-br-cs-perfilcreditopf-dev-a213tKCM0",
                    "id": "72c0c69f5e3daa10787266b180657873f9d703640be4bf486094bebdc675a7ce"
                  }
                ]
              }
            ],
            "acl": "private",
            "bucket": "log-173697650330-dev",
            "expected_bucket_owner": "",
            "id": "log-173697650330-dev,private"
          },
          "sensitive_attributes": [],
          "private": "bnVsbA==",
          "dependencies": [
            "aws_s3_bucket.log_bucket"
          ]
        }
      ]
    },
    {
      "mode": "managed",
      "type": "aws_s3_bucket_acl",
      "name": "terraform_state_acl",
      "provider": "provider[\"registry.terraform.io/hashicorp/aws\"]",
      "instances": [
        {
          "schema_version": 0,
          "attributes": {
            "access_control_policy": [
              {
                "grant": [
                  {
                    "grantee": [
                      {
                        "display_name": "eec-aws-br-cs-perfilcreditopf-dev-a213tKCM0",
                        "email_address": "",
                        "id": "72c0c69f5e3daa10787266b180657873f9d703640be4bf486094bebdc675a7ce",
                        "type": "CanonicalUser",
                        "uri": ""
                      }
                    ],
                    "permission": "FULL_CONTROL"
                  }
                ],
                "owner": [
                  {
                    "display_name": "eec-aws-br-cs-perfilcreditopf-dev-a213tKCM0",
                    "id": "72c0c69f5e3daa10787266b180657873f9d703640be4bf486094bebdc675a7ce"
                  }
                ]
              }
            ],
            "acl": "private",
            "bucket": "terraform-state-perfilcreditopf-dev",
            "expected_bucket_owner": "",
            "id": "terraform-state-perfilcreditopf-dev,private"
          },
          "sensitive_attributes": [],
          "private": "bnVsbA==",
          "dependencies": [
            "aws_s3_bucket.terraform_state"
          ]
        }
      ]
    },
    {
      "mode": "managed",
      "type": "aws_s3_bucket_logging",
      "name": "terraform_state_log",
      "provider": "provider[\"registry.terraform.io/hashicorp/aws\"]",
      "instances": [
        {
          "schema_version": 0,
          "attributes": {
            "bucket": "terraform-state-perfilcreditopf-dev",
            "expected_bucket_owner": "",
            "id": "terraform-state-perfilcreditopf-dev",
            "target_bucket": "log-173697650330-dev",
            "target_grant": [],
            "target_prefix": "terraform-state-perfilcreditopf-dev"
          },
          "sensitive_attributes": [],
          "private": "bnVsbA==",
          "dependencies": [
            "aws_s3_bucket.log_bucket",
            "aws_s3_bucket.terraform_state"
          ]
        }
      ]
    },
    {
      "mode": "managed",
      "type": "aws_s3_bucket_server_side_encryption_configuration",
      "name": "log_bucket_encrypt",
      "provider": "provider[\"registry.terraform.io/hashicorp/aws\"]",
      "instances": [
        {
          "schema_version": 0,
          "attributes": {
            "bucket": "log-173697650330-dev",
            "expected_bucket_owner": "",
            "id": "log-173697650330-dev",
            "rule": [
              {
                "apply_server_side_encryption_by_default": [
                  {
                    "kms_master_key_id": "",
                    "sse_algorithm": "AES256"
                  }
                ],
                "bucket_key_enabled": false
              }
            ]
          },
          "sensitive_attributes": [],
          "private": "bnVsbA==",
          "dependencies": [
            "aws_s3_bucket.log_bucket"
          ]
        }
      ]
    },
    {
      "mode": "managed",
      "type": "aws_s3_bucket_server_side_encryption_configuration",
      "name": "terraform_state_encrypt",
      "provider": "provider[\"registry.terraform.io/hashicorp/aws\"]",
      "instances": [
        {
          "schema_version": 0,
          "attributes": {
            "bucket": "terraform-state-perfilcreditopf-dev",
            "expected_bucket_owner": "",
            "id": "terraform-state-perfilcreditopf-dev",
            "rule": [
              {
                "apply_server_side_encryption_by_default": [
                  {
                    "kms_master_key_id": "",
                    "sse_algorithm": "AES256"
                  }
                ],
                "bucket_key_enabled": false
              }
            ]
          },
          "sensitive_attributes": [],
          "private": "bnVsbA==",
          "dependencies": [
            "aws_s3_bucket.terraform_state"
          ]
        }
      ]
    },
    {
      "mode": "managed",
      "type": "aws_s3_bucket_versioning",
      "name": "versioning_terraform_state",
      "provider": "provider[\"registry.terraform.io/hashicorp/aws\"]",
      "instances": [
        {
          "schema_version": 0,
          "attributes": {
            "bucket": "terraform-state-perfilcreditopf-dev",
            "expected_bucket_owner": "",
            "id": "terraform-state-perfilcreditopf-dev",
            "mfa": null,
            "versioning_configuration": [
              {
                "mfa_delete": "",
                "status": "Enabled"
              }
            ]
          },
          "sensitive_attributes": [],
          "private": "bnVsbA==",
          "dependencies": [
            "aws_s3_bucket.terraform_state"
          ]
        }
      ]
    },
    {
      "mode": "managed",
      "type": "aws_security_group",
      "name": "this",
      "provider": "provider[\"registry.terraform.io/hashicorp/aws\"]",
      "instances": [
        {
          "schema_version": 1,
          "attributes": {
            "arn": "arn:aws:ec2:sa-east-1:266384916543:security-group/sg-087d751e817a9e047",
            "description": "Allow traffic for cluster DcoumentDB",
            "egress": [
              {
                "cidr_blocks": [
                  "0.0.0.0/0"
                ],
                "description": "",
                "from_port": 0,
                "ipv6_cidr_blocks": [],
                "prefix_list_ids": [],
                "protocol": "-1",
                "security_groups": [],
                "self": false,
                "to_port": 0
              }
            ],
            "id": "sg-087d751e817a9e047",
            "ingress": [
              {
                "cidr_blocks": [
                  "10.0.0.0/8",
                  "10.99.10.0/23"
                ],
                "description": "",
                "from_port": 27017,
                "ipv6_cidr_blocks": [],
                "prefix_list_ids": [],
                "protocol": "tcp",
                "security_groups": [],
                "self": false,
                "to_port": 27017
              }
            ],
            "name": "SGForDocumentDB",
            "name_prefix": "",
            "owner_id": "266384916543",
            "revoke_rules_on_delete": false,
            "tags": {},
            "tags_all": {},
            "timeouts": null,
            "vpc_id": "vpc-0f35e6f99daab9b3e"
          },
          "sensitive_attributes": [],
          "private": "eyJlMmJmYjczMC1lY2FhLTExZTYtOGY4OC0zNDM2M2JjN2M0YzAiOnsiY3JlYXRlIjo2MDAwMDAwMDAwMDAsImRlbGV0ZSI6OTAwMDAwMDAwMDAwfSwic2NoZW1hX3ZlcnNpb24iOiIxIn0="
        }
      ]
    },
    {
      "mode": "managed",
      "type": "random_password",
      "name": "master",
      "provider": "provider[\"registry.terraform.io/hashicorp/random\"]",
      "instances": [
        {
          "index_key": 0,
          "schema_version": 1,
          "attributes": {
            "bcrypt_hash": "$2a$10$Rl44ofH2lbecAAKDNAVwBext77W.T8KHlZvYmnYLV6nXBR9smE2Ne",
            "id": "none",
            "keepers": null,
            "length": 8,
            "lower": true,
            "min_lower": 0,
            "min_numeric": 0,
            "min_special": 0,
            "min_upper": 0,
            "number": true,
            "override_special": null,
            "result": "76dO!tli",
            "special": true,
            "upper": true
          },
          "sensitive_attributes": [],
          "private": "eyJzY2hlbWFfdmVyc2lvbiI6IjEifQ=="
        }
      ]
    }
  ]
}
